
Microsoft Visual Studio Solution File, Format Version 12.00
# Visual Studio 14
VisualStudioVersion = 14.0.23107.0
MinimumVisualStudioVersion = 10.0.40219.1
Project("{FAE04EC0-301F-11D3-BF4B-00C04F79EFBC}") = "Payroll.BLogic", "Payroll.BLogic\Payroll.BLogic.csproj", "{8321A049-4AF2-435F-9758-803DECA6FCEF}"
	ProjectSection(ProjectDependencies) = postProject
		{C714387C-1B2C-4500-8F77-A1971CFEAC0F} = {C714387C-1B2C-4500-8F77-A1971CFEAC0F}
	EndProjectSection
EndProject
Project("{FAE04EC0-301F-11D3-BF4B-00C04F79EFBC}") = "Payroll.CFC", "Payroll.CFC\Payroll.CFC.csproj", "{EED60F97-B432-4365-83BD-FC9E71A4BDD7}"
	ProjectSection(ProjectDependencies) = postProject
		{C714387C-1B2C-4500-8F77-A1971CFEAC0F} = {C714387C-1B2C-4500-8F77-A1971CFEAC0F}
	EndProjectSection
EndProject
Project("{FAE04EC0-301F-11D3-BF4B-00C04F79EFBC}") = "Payroll.DAL", "Payroll.DAL\Payroll.DAL.csproj", "{C714387C-1B2C-4500-8F77-A1971CFEAC0F}"
EndProject
Project("{FAE04EC0-301F-11D3-BF4B-00C04F79EFBC}") = "CommonLibrary", "CommonLibrary\CommonLibrary.csproj", "{BE613AAB-46DA-4C66-A079-E0C947756A2F}"
EndProject
Project("{FAE04EC0-301F-11D3-BF4B-00C04F79EFBC}") = "VistaToolStrip", "Renderers\VistaToolStrip.csproj", "{5292C7AA-752D-417F-8111-21A71E9B034A}"
EndProject
Project("{FAE04EC0-301F-11D3-BF4B-00C04F79EFBC}") = "TimeKeepingManager.App", "TimeKeepingManager.App\TimeKeepingManager.App.csproj", "{9EAF5763-7232-4136-8670-BC4E613CCFE6}"
EndProject
Project("{FAE04EC0-301F-11D3-BF4B-00C04F79EFBC}") = "TimeKeepingManager.Service", "TimeKeepingManager.Service\TimeKeepingManager.Service.csproj", "{1095C49A-369C-42AF-895B-A0FA4AEC728B}"
EndProject
Project("{FAE04EC0-301F-11D3-BF4B-00C04F79EFBC}") = "TimeKeepingManager.Con", "TimeKeepingManager.Con\TimeKeepingManager.Con.csproj", "{770C1DAA-7B11-4155-9C17-C374B3350625}"
EndProject
Project("{6141683F-8A12-4E36-9623-2EB02B2C2303}") = "TimeKeepingManager.Setup", "TimeKeepingManager.Setup\TimeKeepingManager.Setup.isproj", "{3A1EAB78-B4C4-454E-BC34-7347B3E24778}"
EndProject
Project("{54435603-DBB4-11D2-8724-00A0C9A8B90C}") = "TimeKeepingManagerSetup", "TimeKeepingManagerSetup\TimeKeepingManagerSetup.vdproj", "{101EDD2A-9696-4260-B087-BF48373FF910}"
EndProject
Global
	GlobalSection(SolutionConfigurationPlatforms) = preSolution
		CD_ROM|Any CPU = CD_ROM|Any CPU
		CD_ROM|x86 = CD_ROM|x86
		Debug|Any CPU = Debug|Any CPU
		Debug|x86 = Debug|x86
		DVD-5|Any CPU = DVD-5|Any CPU
		DVD-5|x86 = DVD-5|x86
		Release|Any CPU = Release|Any CPU
		Release|x86 = Release|x86
		SingleImage|Any CPU = SingleImage|Any CPU
		SingleImage|x86 = SingleImage|x86
	EndGlobalSection
	GlobalSection(ProjectConfigurationPlatforms) = postSolution
		{8321A049-4AF2-435F-9758-803DECA6FCEF}.CD_ROM|Any CPU.ActiveCfg = Release|Any CPU
		{8321A049-4AF2-435F-9758-803DECA6FCEF}.CD_ROM|Any CPU.Build.0 = Release|Any CPU
		{8321A049-4AF2-435F-9758-803DECA6FCEF}.CD_ROM|x86.ActiveCfg = Release|x86
		{8321A049-4AF2-435F-9758-803DECA6FCEF}.CD_ROM|x86.Build.0 = Release|x86
		{8321A049-4AF2-435F-9758-803DECA6FCEF}.Debug|Any CPU.ActiveCfg = Debug|Any CPU
		{8321A049-4AF2-435F-9758-803DECA6FCEF}.Debug|Any CPU.Build.0 = Debug|Any CPU
		{8321A049-4AF2-435F-9758-803DECA6FCEF}.Debug|x86.ActiveCfg = Debug|x86
		{8321A049-4AF2-435F-9758-803DECA6FCEF}.Debug|x86.Build.0 = Debug|x86
		{8321A049-4AF2-435F-9758-803DECA6FCEF}.DVD-5|Any CPU.ActiveCfg = Debug|Any CPU
		{8321A049-4AF2-435F-9758-803DECA6FCEF}.DVD-5|Any CPU.Build.0 = Debug|Any CPU
		{8321A049-4AF2-435F-9758-803DECA6FCEF}.DVD-5|x86.ActiveCfg = Debug|x86
		{8321A049-4AF2-435F-9758-803DECA6FCEF}.DVD-5|x86.Build.0 = Debug|x86
		{8321A049-4AF2-435F-9758-803DECA6FCEF}.Release|Any CPU.ActiveCfg = Release|Any CPU
		{8321A049-4AF2-435F-9758-803DECA6FCEF}.Release|Any CPU.Build.0 = Release|Any CPU
		{8321A049-4AF2-435F-9758-803DECA6FCEF}.Release|x86.ActiveCfg = Release|x86
		{8321A049-4AF2-435F-9758-803DECA6FCEF}.Release|x86.Build.0 = Release|x86
		{8321A049-4AF2-435F-9758-803DECA6FCEF}.SingleImage|Any CPU.ActiveCfg = Release|Any CPU
		{8321A049-4AF2-435F-9758-803DECA6FCEF}.SingleImage|Any CPU.Build.0 = Release|Any CPU
		{8321A049-4AF2-435F-9758-803DECA6FCEF}.SingleImage|x86.ActiveCfg = Release|x86
		{8321A049-4AF2-435F-9758-803DECA6FCEF}.SingleImage|x86.Build.0 = Release|x86
		{EED60F97-B432-4365-83BD-FC9E71A4BDD7}.CD_ROM|Any CPU.ActiveCfg = Release|Any CPU
		{EED60F97-B432-4365-83BD-FC9E71A4BDD7}.CD_ROM|Any CPU.Build.0 = Release|Any CPU
		{EED60F97-B432-4365-83BD-FC9E71A4BDD7}.CD_ROM|x86.ActiveCfg = Release|x86
		{EED60F97-B432-4365-83BD-FC9E71A4BDD7}.CD_ROM|x86.Build.0 = Release|x86
		{EED60F97-B432-4365-83BD-FC9E71A4BDD7}.Debug|Any CPU.ActiveCfg = Debug|Any CPU
		{EED60F97-B432-4365-83BD-FC9E71A4BDD7}.Debug|Any CPU.Build.0 = Debug|Any CPU
		{EED60F97-B432-4365-83BD-FC9E71A4BDD7}.Debug|x86.ActiveCfg = Debug|x86
		{EED60F97-B432-4365-83BD-FC9E71A4BDD7}.Debug|x86.Build.0 = Debug|x86
		{EED60F97-B432-4365-83BD-FC9E71A4BDD7}.DVD-5|Any CPU.ActiveCfg = Debug|Any CPU
		{EED60F97-B432-4365-83BD-FC9E71A4BDD7}.DVD-5|Any CPU.Build.0 = Debug|Any CPU
		{EED60F97-B432-4365-83BD-FC9E71A4BDD7}.DVD-5|x86.ActiveCfg = Debug|x86
		{EED60F97-B432-4365-83BD-FC9E71A4BDD7}.DVD-5|x86.Build.0 = Debug|x86
		{EED60F97-B432-4365-83BD-FC9E71A4BDD7}.Release|Any CPU.ActiveCfg = Release|Any CPU
		{EED60F97-B432-4365-83BD-FC9E71A4BDD7}.Release|Any CPU.Build.0 = Release|Any CPU
		{EED60F97-B432-4365-83BD-FC9E71A4BDD7}.Release|x86.ActiveCfg = Release|x86
		{EED60F97-B432-4365-83BD-FC9E71A4BDD7}.Release|x86.Build.0 = Release|x86
		{EED60F97-B432-4365-83BD-FC9E71A4BDD7}.SingleImage|Any CPU.ActiveCfg = Release|Any CPU
		{EED60F97-B432-4365-83BD-FC9E71A4BDD7}.SingleImage|Any CPU.Build.0 = Release|Any CPU
		{EED60F97-B432-4365-83BD-FC9E71A4BDD7}.SingleImage|x86.ActiveCfg = Release|x86
		{EED60F97-B432-4365-83BD-FC9E71A4BDD7}.SingleImage|x86.Build.0 = Release|x86
		{C714387C-1B2C-4500-8F77-A1971CFEAC0F}.CD_ROM|Any CPU.ActiveCfg = Release|Any CPU
		{C714387C-1B2C-4500-8F77-A1971CFEAC0F}.CD_ROM|Any CPU.Build.0 = Release|Any CPU
		{C714387C-1B2C-4500-8F77-A1971CFEAC0F}.CD_ROM|x86.ActiveCfg = Release|x86
		{C714387C-1B2C-4500-8F77-A1971CFEAC0F}.CD_ROM|x86.Build.0 = Release|x86
		{C714387C-1B2C-4500-8F77-A1971CFEAC0F}.Debug|Any CPU.ActiveCfg = Debug|Any CPU
		{C714387C-1B2C-4500-8F77-A1971CFEAC0F}.Debug|Any CPU.Build.0 = Debug|Any CPU
		{C714387C-1B2C-4500-8F77-A1971CFEAC0F}.Debug|x86.ActiveCfg = Debug|x86
		{C714387C-1B2C-4500-8F77-A1971CFEAC0F}.Debug|x86.Build.0 = Debug|x86
		{C714387C-1B2C-4500-8F77-A1971CFEAC0F}.DVD-5|Any CPU.ActiveCfg = Debug|Any CPU
		{C714387C-1B2C-4500-8F77-A1971CFEAC0F}.DVD-5|Any CPU.Build.0 = Debug|Any CPU
		{C714387C-1B2C-4500-8F77-A1971CFEAC0F}.DVD-5|x86.ActiveCfg = Debug|x86
		{C714387C-1B2C-4500-8F77-A1971CFEAC0F}.DVD-5|x86.Build.0 = Debug|x86
		{C714387C-1B2C-4500-8F77-A1971CFEAC0F}.Release|Any CPU.ActiveCfg = Release|Any CPU
		{C714387C-1B2C-4500-8F77-A1971CFEAC0F}.Release|Any CPU.Build.0 = Release|Any CPU
		{C714387C-1B2C-4500-8F77-A1971CFEAC0F}.Release|x86.ActiveCfg = Release|x86
		{C714387C-1B2C-4500-8F77-A1971CFEAC0F}.Release|x86.Build.0 = Release|x86
		{C714387C-1B2C-4500-8F77-A1971CFEAC0F}.SingleImage|Any CPU.ActiveCfg = Release|Any CPU
		{C714387C-1B2C-4500-8F77-A1971CFEAC0F}.SingleImage|Any CPU.Build.0 = Release|Any CPU
		{C714387C-1B2C-4500-8F77-A1971CFEAC0F}.SingleImage|x86.ActiveCfg = Release|x86
		{C714387C-1B2C-4500-8F77-A1971CFEAC0F}.SingleImage|x86.Build.0 = Release|x86
		{BE613AAB-46DA-4C66-A079-E0C947756A2F}.CD_ROM|Any CPU.ActiveCfg = Release|Any CPU
		{BE613AAB-46DA-4C66-A079-E0C947756A2F}.CD_ROM|Any CPU.Build.0 = Release|Any CPU
		{BE613AAB-46DA-4C66-A079-E0C947756A2F}.CD_ROM|x86.ActiveCfg = Release|x86
		{BE613AAB-46DA-4C66-A079-E0C947756A2F}.CD_ROM|x86.Build.0 = Release|x86
		{BE613AAB-46DA-4C66-A079-E0C947756A2F}.Debug|Any CPU.ActiveCfg = Debug|Any CPU
		{BE613AAB-46DA-4C66-A079-E0C947756A2F}.Debug|Any CPU.Build.0 = Debug|Any CPU
		{BE613AAB-46DA-4C66-A079-E0C947756A2F}.Debug|x86.ActiveCfg = Debug|x86
		{BE613AAB-46DA-4C66-A079-E0C947756A2F}.Debug|x86.Build.0 = Debug|x86
		{BE613AAB-46DA-4C66-A079-E0C947756A2F}.DVD-5|Any CPU.ActiveCfg = Debug|Any CPU
		{BE613AAB-46DA-4C66-A079-E0C947756A2F}.DVD-5|Any CPU.Build.0 = Debug|Any CPU
		{BE613AAB-46DA-4C66-A079-E0C947756A2F}.DVD-5|x86.ActiveCfg = Debug|x86
		{BE613AAB-46DA-4C66-A079-E0C947756A2F}.DVD-5|x86.Build.0 = Debug|x86
		{BE613AAB-46DA-4C66-A079-E0C947756A2F}.Release|Any CPU.ActiveCfg = Release|Any CPU
		{BE613AAB-46DA-4C66-A079-E0C947756A2F}.Release|Any CPU.Build.0 = Release|Any CPU
		{BE613AAB-46DA-4C66-A079-E0C947756A2F}.Release|x86.ActiveCfg = Release|x86
		{BE613AAB-46DA-4C66-A079-E0C947756A2F}.Release|x86.Build.0 = Release|x86
		{BE613AAB-46DA-4C66-A079-E0C947756A2F}.SingleImage|Any CPU.ActiveCfg = Release|Any CPU
		{BE613AAB-46DA-4C66-A079-E0C947756A2F}.SingleImage|Any CPU.Build.0 = Release|Any CPU
		{BE613AAB-46DA-4C66-A079-E0C947756A2F}.SingleImage|x86.ActiveCfg = Release|x86
		{BE613AAB-46DA-4C66-A079-E0C947756A2F}.SingleImage|x86.Build.0 = Release|x86
		{5292C7AA-752D-417F-8111-21A71E9B034A}.CD_ROM|Any CPU.ActiveCfg = Release|Any CPU
		{5292C7AA-752D-417F-8111-21A71E9B034A}.CD_ROM|Any CPU.Build.0 = Release|Any CPU
		{5292C7AA-752D-417F-8111-21A71E9B034A}.CD_ROM|x86.ActiveCfg = Release|x86
		{5292C7AA-752D-417F-8111-21A71E9B034A}.CD_ROM|x86.Build.0 = Release|x86
		{5292C7AA-752D-417F-8111-21A71E9B034A}.Debug|Any CPU.ActiveCfg = Debug|Any CPU
		{5292C7AA-752D-417F-8111-21A71E9B034A}.Debug|Any CPU.Build.0 = Debug|Any CPU
		{5292C7AA-752D-417F-8111-21A71E9B034A}.Debug|x86.ActiveCfg = Debug|x86
		{5292C7AA-752D-417F-8111-21A71E9B034A}.Debug|x86.Build.0 = Debug|x86
		{5292C7AA-752D-417F-8111-21A71E9B034A}.DVD-5|Any CPU.ActiveCfg = Debug|Any CPU
		{5292C7AA-752D-417F-8111-21A71E9B034A}.DVD-5|Any CPU.Build.0 = Debug|Any CPU
		{5292C7AA-752D-417F-8111-21A71E9B034A}.DVD-5|x86.ActiveCfg = Debug|x86
		{5292C7AA-752D-417F-8111-21A71E9B034A}.DVD-5|x86.Build.0 = Debug|x86
		{5292C7AA-752D-417F-8111-21A71E9B034A}.Release|Any CPU.ActiveCfg = Release|Any CPU
		{5292C7AA-752D-417F-8111-21A71E9B034A}.Release|Any CPU.Build.0 = Release|Any CPU
		{5292C7AA-752D-417F-8111-21A71E9B034A}.Release|x86.ActiveCfg = Release|x86
		{5292C7AA-752D-417F-8111-21A71E9B034A}.Release|x86.Build.0 = Release|x86
		{5292C7AA-752D-417F-8111-21A71E9B034A}.SingleImage|Any CPU.ActiveCfg = Release|Any CPU
		{5292C7AA-752D-417F-8111-21A71E9B034A}.SingleImage|Any CPU.Build.0 = Release|Any CPU
		{5292C7AA-752D-417F-8111-21A71E9B034A}.SingleImage|x86.ActiveCfg = Release|x86
		{5292C7AA-752D-417F-8111-21A71E9B034A}.SingleImage|x86.Build.0 = Release|x86
		{9EAF5763-7232-4136-8670-BC4E613CCFE6}.CD_ROM|Any CPU.ActiveCfg = Release|Any CPU
		{9EAF5763-7232-4136-8670-BC4E613CCFE6}.CD_ROM|Any CPU.Build.0 = Release|Any CPU
		{9EAF5763-7232-4136-8670-BC4E613CCFE6}.CD_ROM|x86.ActiveCfg = Release|x86
		{9EAF5763-7232-4136-8670-BC4E613CCFE6}.CD_ROM|x86.Build.0 = Release|x86
		{9EAF5763-7232-4136-8670-BC4E613CCFE6}.Debug|Any CPU.ActiveCfg = Debug|Any CPU
		{9EAF5763-7232-4136-8670-BC4E613CCFE6}.Debug|Any CPU.Build.0 = Debug|Any CPU
		{9EAF5763-7232-4136-8670-BC4E613CCFE6}.Debug|x86.ActiveCfg = Debug|x86
		{9EAF5763-7232-4136-8670-BC4E613CCFE6}.Debug|x86.Build.0 = Debug|x86
		{9EAF5763-7232-4136-8670-BC4E613CCFE6}.DVD-5|Any CPU.ActiveCfg = Debug|Any CPU
		{9EAF5763-7232-4136-8670-BC4E613CCFE6}.DVD-5|Any CPU.Build.0 = Debug|Any CPU
		{9EAF5763-7232-4136-8670-BC4E613CCFE6}.DVD-5|x86.ActiveCfg = Debug|x86
		{9EAF5763-7232-4136-8670-BC4E613CCFE6}.DVD-5|x86.Build.0 = Debug|x86
		{9EAF5763-7232-4136-8670-BC4E613CCFE6}.Release|Any CPU.ActiveCfg = Release|Any CPU
		{9EAF5763-7232-4136-8670-BC4E613CCFE6}.Release|Any CPU.Build.0 = Release|Any CPU
		{9EAF5763-7232-4136-8670-BC4E613CCFE6}.Release|x86.ActiveCfg = Release|x86
		{9EAF5763-7232-4136-8670-BC4E613CCFE6}.Release|x86.Build.0 = Release|x86
		{9EAF5763-7232-4136-8670-BC4E613CCFE6}.SingleImage|Any CPU.ActiveCfg = Release|Any CPU
		{9EAF5763-7232-4136-8670-BC4E613CCFE6}.SingleImage|Any CPU.Build.0 = Release|Any CPU
		{9EAF5763-7232-4136-8670-BC4E613CCFE6}.SingleImage|x86.ActiveCfg = Release|x86
		{9EAF5763-7232-4136-8670-BC4E613CCFE6}.SingleImage|x86.Build.0 = Release|x86
		{1095C49A-369C-42AF-895B-A0FA4AEC728B}.CD_ROM|Any CPU.ActiveCfg = Release|Any CPU
		{1095C49A-369C-42AF-895B-A0FA4AEC728B}.CD_ROM|Any CPU.Build.0 = Release|Any CPU
		{1095C49A-369C-42AF-895B-A0FA4AEC728B}.CD_ROM|x86.ActiveCfg = Release|Any CPU
		{1095C49A-369C-42AF-895B-A0FA4AEC728B}.CD_ROM|x86.Build.0 = Release|Any CPU
		{1095C49A-369C-42AF-895B-A0FA4AEC728B}.Debug|Any CPU.ActiveCfg = Debug|Any CPU
		{1095C49A-369C-42AF-895B-A0FA4AEC728B}.Debug|Any CPU.Build.0 = Debug|Any CPU
		{1095C49A-369C-42AF-895B-A0FA4AEC728B}.Debug|x86.ActiveCfg = Debug|Any CPU
		{1095C49A-369C-42AF-895B-A0FA4AEC728B}.DVD-5|Any CPU.ActiveCfg = Debug|Any CPU
		{1095C49A-369C-42AF-895B-A0FA4AEC728B}.DVD-5|Any CPU.Build.0 = Debug|Any CPU
		{1095C49A-369C-42AF-895B-A0FA4AEC728B}.DVD-5|x86.ActiveCfg = Debug|Any CPU
		{1095C49A-369C-42AF-895B-A0FA4AEC728B}.DVD-5|x86.Build.0 = Debug|Any CPU
		{1095C49A-369C-42AF-895B-A0FA4AEC728B}.Release|Any CPU.ActiveCfg = Release|Any CPU
		{1095C49A-369C-42AF-895B-A0FA4AEC728B}.Release|Any CPU.Build.0 = Release|Any CPU
		{1095C49A-369C-42AF-895B-A0FA4AEC728B}.Release|x86.ActiveCfg = Release|Any CPU
		{1095C49A-369C-42AF-895B-A0FA4AEC728B}.SingleImage|Any CPU.ActiveCfg = Release|Any CPU
		{1095C49A-369C-42AF-895B-A0FA4AEC728B}.SingleImage|Any CPU.Build.0 = Release|Any CPU
		{1095C49A-369C-42AF-895B-A0FA4AEC728B}.SingleImage|x86.ActiveCfg = Release|Any CPU
		{1095C49A-369C-42AF-895B-A0FA4AEC728B}.SingleImage|x86.Build.0 = Release|Any CPU
		{770C1DAA-7B11-4155-9C17-C374B3350625}.CD_ROM|Any CPU.ActiveCfg = Release|Any CPU
		{770C1DAA-7B11-4155-9C17-C374B3350625}.CD_ROM|Any CPU.Build.0 = Release|Any CPU
		{770C1DAA-7B11-4155-9C17-C374B3350625}.CD_ROM|x86.ActiveCfg = Release|Any CPU
		{770C1DAA-7B11-4155-9C17-C374B3350625}.CD_ROM|x86.Build.0 = Release|Any CPU
		{770C1DAA-7B11-4155-9C17-C374B3350625}.Debug|Any CPU.ActiveCfg = Debug|Any CPU
		{770C1DAA-7B11-4155-9C17-C374B3350625}.Debug|Any CPU.Build.0 = Debug|Any CPU
		{770C1DAA-7B11-4155-9C17-C374B3350625}.Debug|x86.ActiveCfg = Debug|Any CPU
		{770C1DAA-7B11-4155-9C17-C374B3350625}.DVD-5|Any CPU.ActiveCfg = Debug|Any CPU
		{770C1DAA-7B11-4155-9C17-C374B3350625}.DVD-5|Any CPU.Build.0 = Debug|Any CPU
		{770C1DAA-7B11-4155-9C17-C374B3350625}.DVD-5|x86.ActiveCfg = Debug|Any CPU
		{770C1DAA-7B11-4155-9C17-C374B3350625}.DVD-5|x86.Build.0 = Debug|Any CPU
		{770C1DAA-7B11-4155-9C17-C374B3350625}.Release|Any CPU.ActiveCfg = Release|Any CPU
		{770C1DAA-7B11-4155-9C17-C374B3350625}.Release|Any CPU.Build.0 = Release|Any CPU
		{770C1DAA-7B11-4155-9C17-C374B3350625}.Release|x86.ActiveCfg = Release|Any CPU
		{770C1DAA-7B11-4155-9C17-C374B3350625}.SingleImage|Any CPU.ActiveCfg = Release|Any CPU
		{770C1DAA-7B11-4155-9C17-C374B3350625}.SingleImage|Any CPU.Build.0 = Release|Any CPU
		{770C1DAA-7B11-4155-9C17-C374B3350625}.SingleImage|x86.ActiveCfg = Release|Any CPU
		{770C1DAA-7B11-4155-9C17-C374B3350625}.SingleImage|x86.Build.0 = Release|Any CPU
		{3A1EAB78-B4C4-454E-BC34-7347B3E24778}.CD_ROM|Any CPU.ActiveCfg = CD_ROM
		{3A1EAB78-B4C4-454E-BC34-7347B3E24778}.CD_ROM|Any CPU.Build.0 = CD_ROM
		{3A1EAB78-B4C4-454E-BC34-7347B3E24778}.CD_ROM|x86.ActiveCfg = CD_ROM
		{3A1EAB78-B4C4-454E-BC34-7347B3E24778}.CD_ROM|x86.Build.0 = CD_ROM
		{3A1EAB78-B4C4-454E-BC34-7347B3E24778}.Debug|Any CPU.ActiveCfg = DVD-5
		{3A1EAB78-B4C4-454E-BC34-7347B3E24778}.Debug|Any CPU.Build.0 = DVD-5
		{3A1EAB78-B4C4-454E-BC34-7347B3E24778}.Debug|x86.ActiveCfg = DVD-5
		{3A1EAB78-B4C4-454E-BC34-7347B3E24778}.Debug|x86.Build.0 = DVD-5
		{3A1EAB78-B4C4-454E-BC34-7347B3E24778}.DVD-5|Any CPU.ActiveCfg = DVD-5
		{3A1EAB78-B4C4-454E-BC34-7347B3E24778}.DVD-5|Any CPU.Build.0 = DVD-5
		{3A1EAB78-B4C4-454E-BC34-7347B3E24778}.DVD-5|x86.ActiveCfg = DVD-5
		{3A1EAB78-B4C4-454E-BC34-7347B3E24778}.DVD-5|x86.Build.0 = DVD-5
		{3A1EAB78-B4C4-454E-BC34-7347B3E24778}.Release|Any CPU.ActiveCfg = SingleImage
		{3A1EAB78-B4C4-454E-BC34-7347B3E24778}.Release|Any CPU.Build.0 = SingleImage
		{3A1EAB78-B4C4-454E-BC34-7347B3E24778}.Release|x86.ActiveCfg = SingleImage
		{3A1EAB78-B4C4-454E-BC34-7347B3E24778}.Release|x86.Build.0 = SingleImage
		{3A1EAB78-B4C4-454E-BC34-7347B3E24778}.SingleImage|Any CPU.ActiveCfg = SingleImage
		{3A1EAB78-B4C4-454E-BC34-7347B3E24778}.SingleImage|Any CPU.Build.0 = SingleImage
		{3A1EAB78-B4C4-454E-BC34-7347B3E24778}.SingleImage|x86.ActiveCfg = SingleImage
		{3A1EAB78-B4C4-454E-BC34-7347B3E24778}.SingleImage|x86.Build.0 = SingleImage
		{101EDD2A-9696-4260-B087-BF48373FF910}.CD_ROM|Any CPU.ActiveCfg = Release
		{101EDD2A-9696-4260-B087-BF48373FF910}.CD_ROM|x86.ActiveCfg = Release
		{101EDD2A-9696-4260-B087-BF48373FF910}.Debug|Any CPU.ActiveCfg = Debug
		{101EDD2A-9696-4260-B087-BF48373FF910}.Debug|x86.ActiveCfg = Debug
		{101EDD2A-9696-4260-B087-BF48373FF910}.DVD-5|Any CPU.ActiveCfg = Debug
		{101EDD2A-9696-4260-B087-BF48373FF910}.DVD-5|x86.ActiveCfg = Debug
		{101EDD2A-9696-4260-B087-BF48373FF910}.Release|Any CPU.ActiveCfg = Release
		{101EDD2A-9696-4260-B087-BF48373FF910}.Release|x86.ActiveCfg = Release
		{101EDD2A-9696-4260-B087-BF48373FF910}.SingleImage|Any CPU.ActiveCfg = Release
		{101EDD2A-9696-4260-B087-BF48373FF910}.SingleImage|x86.ActiveCfg = Release
	EndGlobalSection
	GlobalSection(SolutionProperties) = preSolution
		HideSolutionNode = FALSE
	EndGlobalSection
	GlobalSection(TeamFoundationVersionControl) = preSolution
		SccNumberOfProjects = 10
		SccEnterpriseProvider = {4CA58AB2-18FA-4F8D-95D4-32DDF27D184C}
		SccTeamFoundationServer = http://192.168.135.51:8080/
		SccLocalPath0 = .
		SccProjectUniqueName1 = CommonLibrary\\CommonLibrary.csproj
		SccProjectName1 = CommonLibrary
		SccLocalPath1 = CommonLibrary
		SccProjectUniqueName2 = Payroll.BLogic\\Payroll.BLogic.csproj
		SccProjectName2 = Payroll.BLogic
		SccLocalPath2 = Payroll.BLogic
		SccProjectUniqueName3 = Payroll.CFC\\Payroll.CFC.csproj
		SccProjectName3 = Payroll.CFC
		SccLocalPath3 = Payroll.CFC
		SccProjectUniqueName4 = Payroll.DAL\\Payroll.DAL.csproj
		SccProjectName4 = Payroll.DAL
		SccLocalPath4 = Payroll.DAL
		SccProjectUniqueName5 = Renderers\\VistaToolStrip.csproj
		SccProjectName5 = Renderers
		SccLocalPath5 = Renderers
		SccProjectUniqueName6 = TimeKeepingManagerSetup\\TimeKeepingManagerSetup.vdproj
		SccProjectName6 = TimeKeepingManagerSetup
		SccLocalPath6 = TimeKeepingManagerSetup
		SccProjectUniqueName7 = TimeKeepingManager.App\\TimeKeepingManager.App.csproj
		SccProjectName7 = TimeKeepingManager.App
		SccLocalPath7 = TimeKeepingManager.App
		SccProjectUniqueName8 = TimeKeepingManager.Service\\TimeKeepingManager.Service.csproj
		SccProjectName8 = TimeKeepingManager.Service
		SccLocalPath8 = TimeKeepingManager.Service
		SccProjectUniqueName9 = TimeKeepingManager.Con\\TimeKeepingManager.Con.csproj
		SccProjectName9 = TimeKeepingManager.Con
		SccLocalPath9 = TimeKeepingManager.Con
	EndGlobalSection
EndGlobal
