
Microsoft Visual Studio Solution File, Format Version 12.00
# Visual Studio 14
VisualStudioVersion = 14.0.23107.0
MinimumVisualStudioVersion = 10.0.40219.1
Project("{FAE04EC0-301F-11D3-BF4B-00C04F79EFBC}") = "CommonPostingLibrary", "CommonLibrary\CommonPostingLibrary.csproj", "{BE613AAB-46DA-4C66-A079-E0C947756A2F}"
EndProject
Project("{FAE04EC0-301F-11D3-BF4B-00C04F79EFBC}") = "Posting.BLogic", "Inventory.BLogic\Posting.BLogic.csproj", "{8321A049-4AF2-435F-9758-803DECA6FCEF}"
EndProject
Project("{FAE04EC0-301F-11D3-BF4B-00C04F79EFBC}") = "Posting.DAL", "Inventory.DAL\Posting.DAL.csproj", "{C714387C-1B2C-4500-8F77-A1971CFEAC0F}"
EndProject
Project("{FAE04EC0-301F-11D3-BF4B-00C04F79EFBC}") = "UploadDownloadService", "UploadDownloadService\UploadDownloadService.csproj", "{687EEFEC-22AA-45C8-A84E-3B992757DF72}"
EndProject
Project("{FAE04EC0-301F-11D3-BF4B-00C04F79EFBC}") = "UploadDownloadSchedulerConsole", "UploadDownloadSchedulerConsole\UploadDownloadSchedulerConsole.csproj", "{8BE82800-2506-42EA-97B0-BDE9FE4BBECA}"
EndProject
Project("{FAE04EC0-301F-11D3-BF4B-00C04F79EFBC}") = "UploadDownloadUtility", "UploadDownloadUtility\UploadDownloadUtility.csproj", "{E08CDBD1-A639-4B83-A4A0-E0C831D3B459}"
EndProject
Project("{FAE04EC0-301F-11D3-BF4B-00C04F79EFBC}") = "UploadDownloadSchedulerApp", "UploadDownloadSchedulerApp\UploadDownloadSchedulerApp.csproj", "{6629EBB2-74AC-460E-BFC3-6B563F68E745}"
EndProject
Project("{54435603-DBB4-11D2-8724-00A0C9A8B90C}") = "EmailServiceSetup", "SchedulerSetup\SchedulerSetup.vdproj", "{1954F617-3D71-4E9A-B6E1-0E3DDD938CA0}"
EndProject
Global
	GlobalSection(SolutionConfigurationPlatforms) = preSolution
		CD_ROM|Any CPU = CD_ROM|Any CPU
		CD_ROM|Mixed Platforms = CD_ROM|Mixed Platforms
		CD_ROM|x86 = CD_ROM|x86
		Debug|Any CPU = Debug|Any CPU
		Debug|Mixed Platforms = Debug|Mixed Platforms
		Debug|x86 = Debug|x86
		DVD-5|Any CPU = DVD-5|Any CPU
		DVD-5|Mixed Platforms = DVD-5|Mixed Platforms
		DVD-5|x86 = DVD-5|x86
		Release|Any CPU = Release|Any CPU
		Release|Mixed Platforms = Release|Mixed Platforms
		Release|x86 = Release|x86
		SingleImage|Any CPU = SingleImage|Any CPU
		SingleImage|Mixed Platforms = SingleImage|Mixed Platforms
		SingleImage|x86 = SingleImage|x86
	EndGlobalSection
	GlobalSection(ProjectConfigurationPlatforms) = postSolution
		{BE613AAB-46DA-4C66-A079-E0C947756A2F}.CD_ROM|Any CPU.ActiveCfg = Release|Any CPU
		{BE613AAB-46DA-4C66-A079-E0C947756A2F}.CD_ROM|Any CPU.Build.0 = Release|Any CPU
		{BE613AAB-46DA-4C66-A079-E0C947756A2F}.CD_ROM|Mixed Platforms.ActiveCfg = Release|Any CPU
		{BE613AAB-46DA-4C66-A079-E0C947756A2F}.CD_ROM|Mixed Platforms.Build.0 = Release|Any CPU
		{BE613AAB-46DA-4C66-A079-E0C947756A2F}.CD_ROM|x86.ActiveCfg = Release|Any CPU
		{BE613AAB-46DA-4C66-A079-E0C947756A2F}.CD_ROM|x86.Build.0 = Release|Any CPU
		{BE613AAB-46DA-4C66-A079-E0C947756A2F}.Debug|Any CPU.ActiveCfg = Debug|Any CPU
		{BE613AAB-46DA-4C66-A079-E0C947756A2F}.Debug|Any CPU.Build.0 = Debug|Any CPU
		{BE613AAB-46DA-4C66-A079-E0C947756A2F}.Debug|Mixed Platforms.ActiveCfg = Debug|Any CPU
		{BE613AAB-46DA-4C66-A079-E0C947756A2F}.Debug|Mixed Platforms.Build.0 = Debug|Any CPU
		{BE613AAB-46DA-4C66-A079-E0C947756A2F}.Debug|x86.ActiveCfg = Debug|Any CPU
		{BE613AAB-46DA-4C66-A079-E0C947756A2F}.DVD-5|Any CPU.ActiveCfg = Debug|Any CPU
		{BE613AAB-46DA-4C66-A079-E0C947756A2F}.DVD-5|Any CPU.Build.0 = Debug|Any CPU
		{BE613AAB-46DA-4C66-A079-E0C947756A2F}.DVD-5|Mixed Platforms.ActiveCfg = Debug|Any CPU
		{BE613AAB-46DA-4C66-A079-E0C947756A2F}.DVD-5|Mixed Platforms.Build.0 = Debug|Any CPU
		{BE613AAB-46DA-4C66-A079-E0C947756A2F}.DVD-5|x86.ActiveCfg = Debug|Any CPU
		{BE613AAB-46DA-4C66-A079-E0C947756A2F}.DVD-5|x86.Build.0 = Debug|Any CPU
		{BE613AAB-46DA-4C66-A079-E0C947756A2F}.Release|Any CPU.ActiveCfg = Release|Any CPU
		{BE613AAB-46DA-4C66-A079-E0C947756A2F}.Release|Any CPU.Build.0 = Release|Any CPU
		{BE613AAB-46DA-4C66-A079-E0C947756A2F}.Release|Mixed Platforms.ActiveCfg = Release|Any CPU
		{BE613AAB-46DA-4C66-A079-E0C947756A2F}.Release|Mixed Platforms.Build.0 = Release|Any CPU
		{BE613AAB-46DA-4C66-A079-E0C947756A2F}.Release|x86.ActiveCfg = Release|Any CPU
		{BE613AAB-46DA-4C66-A079-E0C947756A2F}.SingleImage|Any CPU.ActiveCfg = Release|Any CPU
		{BE613AAB-46DA-4C66-A079-E0C947756A2F}.SingleImage|Any CPU.Build.0 = Release|Any CPU
		{BE613AAB-46DA-4C66-A079-E0C947756A2F}.SingleImage|Mixed Platforms.ActiveCfg = Release|Any CPU
		{BE613AAB-46DA-4C66-A079-E0C947756A2F}.SingleImage|Mixed Platforms.Build.0 = Release|Any CPU
		{BE613AAB-46DA-4C66-A079-E0C947756A2F}.SingleImage|x86.ActiveCfg = Release|Any CPU
		{BE613AAB-46DA-4C66-A079-E0C947756A2F}.SingleImage|x86.Build.0 = Release|Any CPU
		{8321A049-4AF2-435F-9758-803DECA6FCEF}.CD_ROM|Any CPU.ActiveCfg = Release|Any CPU
		{8321A049-4AF2-435F-9758-803DECA6FCEF}.CD_ROM|Any CPU.Build.0 = Release|Any CPU
		{8321A049-4AF2-435F-9758-803DECA6FCEF}.CD_ROM|Mixed Platforms.ActiveCfg = Release|Any CPU
		{8321A049-4AF2-435F-9758-803DECA6FCEF}.CD_ROM|Mixed Platforms.Build.0 = Release|Any CPU
		{8321A049-4AF2-435F-9758-803DECA6FCEF}.CD_ROM|x86.ActiveCfg = Release|Any CPU
		{8321A049-4AF2-435F-9758-803DECA6FCEF}.CD_ROM|x86.Build.0 = Release|Any CPU
		{8321A049-4AF2-435F-9758-803DECA6FCEF}.Debug|Any CPU.ActiveCfg = Debug|Any CPU
		{8321A049-4AF2-435F-9758-803DECA6FCEF}.Debug|Any CPU.Build.0 = Debug|Any CPU
		{8321A049-4AF2-435F-9758-803DECA6FCEF}.Debug|Mixed Platforms.ActiveCfg = Debug|Any CPU
		{8321A049-4AF2-435F-9758-803DECA6FCEF}.Debug|Mixed Platforms.Build.0 = Debug|Any CPU
		{8321A049-4AF2-435F-9758-803DECA6FCEF}.Debug|x86.ActiveCfg = Debug|Any CPU
		{8321A049-4AF2-435F-9758-803DECA6FCEF}.DVD-5|Any CPU.ActiveCfg = Debug|Any CPU
		{8321A049-4AF2-435F-9758-803DECA6FCEF}.DVD-5|Any CPU.Build.0 = Debug|Any CPU
		{8321A049-4AF2-435F-9758-803DECA6FCEF}.DVD-5|Mixed Platforms.ActiveCfg = Debug|Any CPU
		{8321A049-4AF2-435F-9758-803DECA6FCEF}.DVD-5|Mixed Platforms.Build.0 = Debug|Any CPU
		{8321A049-4AF2-435F-9758-803DECA6FCEF}.DVD-5|x86.ActiveCfg = Debug|Any CPU
		{8321A049-4AF2-435F-9758-803DECA6FCEF}.DVD-5|x86.Build.0 = Debug|Any CPU
		{8321A049-4AF2-435F-9758-803DECA6FCEF}.Release|Any CPU.ActiveCfg = Release|Any CPU
		{8321A049-4AF2-435F-9758-803DECA6FCEF}.Release|Any CPU.Build.0 = Release|Any CPU
		{8321A049-4AF2-435F-9758-803DECA6FCEF}.Release|Mixed Platforms.ActiveCfg = Release|Any CPU
		{8321A049-4AF2-435F-9758-803DECA6FCEF}.Release|Mixed Platforms.Build.0 = Release|Any CPU
		{8321A049-4AF2-435F-9758-803DECA6FCEF}.Release|x86.ActiveCfg = Release|Any CPU
		{8321A049-4AF2-435F-9758-803DECA6FCEF}.SingleImage|Any CPU.ActiveCfg = Release|Any CPU
		{8321A049-4AF2-435F-9758-803DECA6FCEF}.SingleImage|Any CPU.Build.0 = Release|Any CPU
		{8321A049-4AF2-435F-9758-803DECA6FCEF}.SingleImage|Mixed Platforms.ActiveCfg = Release|Any CPU
		{8321A049-4AF2-435F-9758-803DECA6FCEF}.SingleImage|Mixed Platforms.Build.0 = Release|Any CPU
		{8321A049-4AF2-435F-9758-803DECA6FCEF}.SingleImage|x86.ActiveCfg = Release|Any CPU
		{8321A049-4AF2-435F-9758-803DECA6FCEF}.SingleImage|x86.Build.0 = Release|Any CPU
		{C714387C-1B2C-4500-8F77-A1971CFEAC0F}.CD_ROM|Any CPU.ActiveCfg = Release|Any CPU
		{C714387C-1B2C-4500-8F77-A1971CFEAC0F}.CD_ROM|Any CPU.Build.0 = Release|Any CPU
		{C714387C-1B2C-4500-8F77-A1971CFEAC0F}.CD_ROM|Mixed Platforms.ActiveCfg = Release|Any CPU
		{C714387C-1B2C-4500-8F77-A1971CFEAC0F}.CD_ROM|Mixed Platforms.Build.0 = Release|Any CPU
		{C714387C-1B2C-4500-8F77-A1971CFEAC0F}.CD_ROM|x86.ActiveCfg = Release|Any CPU
		{C714387C-1B2C-4500-8F77-A1971CFEAC0F}.CD_ROM|x86.Build.0 = Release|Any CPU
		{C714387C-1B2C-4500-8F77-A1971CFEAC0F}.Debug|Any CPU.ActiveCfg = Debug|Any CPU
		{C714387C-1B2C-4500-8F77-A1971CFEAC0F}.Debug|Any CPU.Build.0 = Debug|Any CPU
		{C714387C-1B2C-4500-8F77-A1971CFEAC0F}.Debug|Mixed Platforms.ActiveCfg = Debug|Any CPU
		{C714387C-1B2C-4500-8F77-A1971CFEAC0F}.Debug|Mixed Platforms.Build.0 = Debug|Any CPU
		{C714387C-1B2C-4500-8F77-A1971CFEAC0F}.Debug|x86.ActiveCfg = Debug|Any CPU
		{C714387C-1B2C-4500-8F77-A1971CFEAC0F}.DVD-5|Any CPU.ActiveCfg = Debug|Any CPU
		{C714387C-1B2C-4500-8F77-A1971CFEAC0F}.DVD-5|Any CPU.Build.0 = Debug|Any CPU
		{C714387C-1B2C-4500-8F77-A1971CFEAC0F}.DVD-5|Mixed Platforms.ActiveCfg = Debug|Any CPU
		{C714387C-1B2C-4500-8F77-A1971CFEAC0F}.DVD-5|Mixed Platforms.Build.0 = Debug|Any CPU
		{C714387C-1B2C-4500-8F77-A1971CFEAC0F}.DVD-5|x86.ActiveCfg = Debug|Any CPU
		{C714387C-1B2C-4500-8F77-A1971CFEAC0F}.DVD-5|x86.Build.0 = Debug|Any CPU
		{C714387C-1B2C-4500-8F77-A1971CFEAC0F}.Release|Any CPU.ActiveCfg = Release|Any CPU
		{C714387C-1B2C-4500-8F77-A1971CFEAC0F}.Release|Any CPU.Build.0 = Release|Any CPU
		{C714387C-1B2C-4500-8F77-A1971CFEAC0F}.Release|Mixed Platforms.ActiveCfg = Release|Any CPU
		{C714387C-1B2C-4500-8F77-A1971CFEAC0F}.Release|Mixed Platforms.Build.0 = Release|Any CPU
		{C714387C-1B2C-4500-8F77-A1971CFEAC0F}.Release|x86.ActiveCfg = Release|Any CPU
		{C714387C-1B2C-4500-8F77-A1971CFEAC0F}.SingleImage|Any CPU.ActiveCfg = Release|Any CPU
		{C714387C-1B2C-4500-8F77-A1971CFEAC0F}.SingleImage|Any CPU.Build.0 = Release|Any CPU
		{C714387C-1B2C-4500-8F77-A1971CFEAC0F}.SingleImage|Mixed Platforms.ActiveCfg = Release|Any CPU
		{C714387C-1B2C-4500-8F77-A1971CFEAC0F}.SingleImage|Mixed Platforms.Build.0 = Release|Any CPU
		{C714387C-1B2C-4500-8F77-A1971CFEAC0F}.SingleImage|x86.ActiveCfg = Release|Any CPU
		{C714387C-1B2C-4500-8F77-A1971CFEAC0F}.SingleImage|x86.Build.0 = Release|Any CPU
		{687EEFEC-22AA-45C8-A84E-3B992757DF72}.CD_ROM|Any CPU.ActiveCfg = Release|Any CPU
		{687EEFEC-22AA-45C8-A84E-3B992757DF72}.CD_ROM|Any CPU.Build.0 = Release|Any CPU
		{687EEFEC-22AA-45C8-A84E-3B992757DF72}.CD_ROM|Mixed Platforms.ActiveCfg = Release|Any CPU
		{687EEFEC-22AA-45C8-A84E-3B992757DF72}.CD_ROM|Mixed Platforms.Build.0 = Release|Any CPU
		{687EEFEC-22AA-45C8-A84E-3B992757DF72}.CD_ROM|x86.ActiveCfg = Release|Any CPU
		{687EEFEC-22AA-45C8-A84E-3B992757DF72}.CD_ROM|x86.Build.0 = Release|Any CPU
		{687EEFEC-22AA-45C8-A84E-3B992757DF72}.Debug|Any CPU.ActiveCfg = Debug|Any CPU
		{687EEFEC-22AA-45C8-A84E-3B992757DF72}.Debug|Any CPU.Build.0 = Debug|Any CPU
		{687EEFEC-22AA-45C8-A84E-3B992757DF72}.Debug|Mixed Platforms.ActiveCfg = Debug|Any CPU
		{687EEFEC-22AA-45C8-A84E-3B992757DF72}.Debug|Mixed Platforms.Build.0 = Debug|Any CPU
		{687EEFEC-22AA-45C8-A84E-3B992757DF72}.Debug|x86.ActiveCfg = Debug|Any CPU
		{687EEFEC-22AA-45C8-A84E-3B992757DF72}.DVD-5|Any CPU.ActiveCfg = Debug|Any CPU
		{687EEFEC-22AA-45C8-A84E-3B992757DF72}.DVD-5|Any CPU.Build.0 = Debug|Any CPU
		{687EEFEC-22AA-45C8-A84E-3B992757DF72}.DVD-5|Mixed Platforms.ActiveCfg = Debug|Any CPU
		{687EEFEC-22AA-45C8-A84E-3B992757DF72}.DVD-5|Mixed Platforms.Build.0 = Debug|Any CPU
		{687EEFEC-22AA-45C8-A84E-3B992757DF72}.DVD-5|x86.ActiveCfg = Debug|Any CPU
		{687EEFEC-22AA-45C8-A84E-3B992757DF72}.DVD-5|x86.Build.0 = Debug|Any CPU
		{687EEFEC-22AA-45C8-A84E-3B992757DF72}.Release|Any CPU.ActiveCfg = Release|Any CPU
		{687EEFEC-22AA-45C8-A84E-3B992757DF72}.Release|Any CPU.Build.0 = Release|Any CPU
		{687EEFEC-22AA-45C8-A84E-3B992757DF72}.Release|Mixed Platforms.ActiveCfg = Release|Any CPU
		{687EEFEC-22AA-45C8-A84E-3B992757DF72}.Release|Mixed Platforms.Build.0 = Release|Any CPU
		{687EEFEC-22AA-45C8-A84E-3B992757DF72}.Release|x86.ActiveCfg = Release|Any CPU
		{687EEFEC-22AA-45C8-A84E-3B992757DF72}.SingleImage|Any CPU.ActiveCfg = Release|Any CPU
		{687EEFEC-22AA-45C8-A84E-3B992757DF72}.SingleImage|Any CPU.Build.0 = Release|Any CPU
		{687EEFEC-22AA-45C8-A84E-3B992757DF72}.SingleImage|Mixed Platforms.ActiveCfg = Release|Any CPU
		{687EEFEC-22AA-45C8-A84E-3B992757DF72}.SingleImage|Mixed Platforms.Build.0 = Release|Any CPU
		{687EEFEC-22AA-45C8-A84E-3B992757DF72}.SingleImage|x86.ActiveCfg = Release|Any CPU
		{687EEFEC-22AA-45C8-A84E-3B992757DF72}.SingleImage|x86.Build.0 = Release|Any CPU
		{8BE82800-2506-42EA-97B0-BDE9FE4BBECA}.CD_ROM|Any CPU.ActiveCfg = Release|Any CPU
		{8BE82800-2506-42EA-97B0-BDE9FE4BBECA}.CD_ROM|Any CPU.Build.0 = Release|Any CPU
		{8BE82800-2506-42EA-97B0-BDE9FE4BBECA}.CD_ROM|Mixed Platforms.ActiveCfg = Release|x86
		{8BE82800-2506-42EA-97B0-BDE9FE4BBECA}.CD_ROM|Mixed Platforms.Build.0 = Release|x86
		{8BE82800-2506-42EA-97B0-BDE9FE4BBECA}.CD_ROM|x86.ActiveCfg = Release|x86
		{8BE82800-2506-42EA-97B0-BDE9FE4BBECA}.CD_ROM|x86.Build.0 = Release|x86
		{8BE82800-2506-42EA-97B0-BDE9FE4BBECA}.Debug|Any CPU.ActiveCfg = Debug|x86
		{8BE82800-2506-42EA-97B0-BDE9FE4BBECA}.Debug|Any CPU.Build.0 = Debug|x86
		{8BE82800-2506-42EA-97B0-BDE9FE4BBECA}.Debug|Mixed Platforms.ActiveCfg = Debug|x86
		{8BE82800-2506-42EA-97B0-BDE9FE4BBECA}.Debug|Mixed Platforms.Build.0 = Debug|x86
		{8BE82800-2506-42EA-97B0-BDE9FE4BBECA}.Debug|x86.ActiveCfg = Debug|Any CPU
		{8BE82800-2506-42EA-97B0-BDE9FE4BBECA}.DVD-5|Any CPU.ActiveCfg = Debug|Any CPU
		{8BE82800-2506-42EA-97B0-BDE9FE4BBECA}.DVD-5|Any CPU.Build.0 = Debug|Any CPU
		{8BE82800-2506-42EA-97B0-BDE9FE4BBECA}.DVD-5|Mixed Platforms.ActiveCfg = Debug|x86
		{8BE82800-2506-42EA-97B0-BDE9FE4BBECA}.DVD-5|Mixed Platforms.Build.0 = Debug|x86
		{8BE82800-2506-42EA-97B0-BDE9FE4BBECA}.DVD-5|x86.ActiveCfg = Debug|x86
		{8BE82800-2506-42EA-97B0-BDE9FE4BBECA}.DVD-5|x86.Build.0 = Debug|x86
		{8BE82800-2506-42EA-97B0-BDE9FE4BBECA}.Release|Any CPU.ActiveCfg = Release|Any CPU
		{8BE82800-2506-42EA-97B0-BDE9FE4BBECA}.Release|Any CPU.Build.0 = Release|Any CPU
		{8BE82800-2506-42EA-97B0-BDE9FE4BBECA}.Release|Mixed Platforms.ActiveCfg = Release|Any CPU
		{8BE82800-2506-42EA-97B0-BDE9FE4BBECA}.Release|Mixed Platforms.Build.0 = Release|Any CPU
		{8BE82800-2506-42EA-97B0-BDE9FE4BBECA}.Release|x86.ActiveCfg = Release|Any CPU
		{8BE82800-2506-42EA-97B0-BDE9FE4BBECA}.SingleImage|Any CPU.ActiveCfg = Release|Any CPU
		{8BE82800-2506-42EA-97B0-BDE9FE4BBECA}.SingleImage|Any CPU.Build.0 = Release|Any CPU
		{8BE82800-2506-42EA-97B0-BDE9FE4BBECA}.SingleImage|Mixed Platforms.ActiveCfg = Release|x86
		{8BE82800-2506-42EA-97B0-BDE9FE4BBECA}.SingleImage|Mixed Platforms.Build.0 = Release|x86
		{8BE82800-2506-42EA-97B0-BDE9FE4BBECA}.SingleImage|x86.ActiveCfg = Release|x86
		{8BE82800-2506-42EA-97B0-BDE9FE4BBECA}.SingleImage|x86.Build.0 = Release|x86
		{E08CDBD1-A639-4B83-A4A0-E0C831D3B459}.CD_ROM|Any CPU.ActiveCfg = Release|x86
		{E08CDBD1-A639-4B83-A4A0-E0C831D3B459}.CD_ROM|Any CPU.Build.0 = Release|x86
		{E08CDBD1-A639-4B83-A4A0-E0C831D3B459}.CD_ROM|Mixed Platforms.ActiveCfg = Release|x86
		{E08CDBD1-A639-4B83-A4A0-E0C831D3B459}.CD_ROM|Mixed Platforms.Build.0 = Release|x86
		{E08CDBD1-A639-4B83-A4A0-E0C831D3B459}.CD_ROM|x86.ActiveCfg = Release|x86
		{E08CDBD1-A639-4B83-A4A0-E0C831D3B459}.CD_ROM|x86.Build.0 = Release|x86
		{E08CDBD1-A639-4B83-A4A0-E0C831D3B459}.Debug|Any CPU.ActiveCfg = Debug|x86
		{E08CDBD1-A639-4B83-A4A0-E0C831D3B459}.Debug|Any CPU.Build.0 = Debug|x86
		{E08CDBD1-A639-4B83-A4A0-E0C831D3B459}.Debug|Mixed Platforms.ActiveCfg = Debug|x86
		{E08CDBD1-A639-4B83-A4A0-E0C831D3B459}.Debug|x86.ActiveCfg = Debug|x86
		{E08CDBD1-A639-4B83-A4A0-E0C831D3B459}.Debug|x86.Build.0 = Debug|x86
		{E08CDBD1-A639-4B83-A4A0-E0C831D3B459}.DVD-5|Any CPU.ActiveCfg = Release|x86
		{E08CDBD1-A639-4B83-A4A0-E0C831D3B459}.DVD-5|Any CPU.Build.0 = Release|x86
		{E08CDBD1-A639-4B83-A4A0-E0C831D3B459}.DVD-5|Mixed Platforms.ActiveCfg = Debug|x86
		{E08CDBD1-A639-4B83-A4A0-E0C831D3B459}.DVD-5|Mixed Platforms.Build.0 = Debug|x86
		{E08CDBD1-A639-4B83-A4A0-E0C831D3B459}.DVD-5|x86.ActiveCfg = Debug|x86
		{E08CDBD1-A639-4B83-A4A0-E0C831D3B459}.DVD-5|x86.Build.0 = Debug|x86
		{E08CDBD1-A639-4B83-A4A0-E0C831D3B459}.Release|Any CPU.ActiveCfg = Release|x86
		{E08CDBD1-A639-4B83-A4A0-E0C831D3B459}.Release|Mixed Platforms.ActiveCfg = Release|x86
		{E08CDBD1-A639-4B83-A4A0-E0C831D3B459}.Release|Mixed Platforms.Build.0 = Release|x86
		{E08CDBD1-A639-4B83-A4A0-E0C831D3B459}.Release|x86.ActiveCfg = Release|x86
		{E08CDBD1-A639-4B83-A4A0-E0C831D3B459}.Release|x86.Build.0 = Release|x86
		{E08CDBD1-A639-4B83-A4A0-E0C831D3B459}.SingleImage|Any CPU.ActiveCfg = Release|x86
		{E08CDBD1-A639-4B83-A4A0-E0C831D3B459}.SingleImage|Any CPU.Build.0 = Release|x86
		{E08CDBD1-A639-4B83-A4A0-E0C831D3B459}.SingleImage|Mixed Platforms.ActiveCfg = Release|x86
		{E08CDBD1-A639-4B83-A4A0-E0C831D3B459}.SingleImage|Mixed Platforms.Build.0 = Release|x86
		{E08CDBD1-A639-4B83-A4A0-E0C831D3B459}.SingleImage|x86.ActiveCfg = Release|x86
		{E08CDBD1-A639-4B83-A4A0-E0C831D3B459}.SingleImage|x86.Build.0 = Release|x86
		{6629EBB2-74AC-460E-BFC3-6B563F68E745}.CD_ROM|Any CPU.ActiveCfg = Release|x86
		{6629EBB2-74AC-460E-BFC3-6B563F68E745}.CD_ROM|Any CPU.Build.0 = Release|x86
		{6629EBB2-74AC-460E-BFC3-6B563F68E745}.CD_ROM|Mixed Platforms.ActiveCfg = Release|x86
		{6629EBB2-74AC-460E-BFC3-6B563F68E745}.CD_ROM|Mixed Platforms.Build.0 = Release|x86
		{6629EBB2-74AC-460E-BFC3-6B563F68E745}.CD_ROM|x86.ActiveCfg = Release|x86
		{6629EBB2-74AC-460E-BFC3-6B563F68E745}.CD_ROM|x86.Build.0 = Release|x86
		{6629EBB2-74AC-460E-BFC3-6B563F68E745}.Debug|Any CPU.ActiveCfg = Debug|x86
		{6629EBB2-74AC-460E-BFC3-6B563F68E745}.Debug|Mixed Platforms.ActiveCfg = Debug|x86
		{6629EBB2-74AC-460E-BFC3-6B563F68E745}.Debug|Mixed Platforms.Build.0 = Debug|x86
		{6629EBB2-74AC-460E-BFC3-6B563F68E745}.Debug|x86.ActiveCfg = Debug|x86
		{6629EBB2-74AC-460E-BFC3-6B563F68E745}.Debug|x86.Build.0 = Debug|x86
		{6629EBB2-74AC-460E-BFC3-6B563F68E745}.DVD-5|Any CPU.ActiveCfg = Release|x86
		{6629EBB2-74AC-460E-BFC3-6B563F68E745}.DVD-5|Any CPU.Build.0 = Release|x86
		{6629EBB2-74AC-460E-BFC3-6B563F68E745}.DVD-5|Mixed Platforms.ActiveCfg = Debug|x86
		{6629EBB2-74AC-460E-BFC3-6B563F68E745}.DVD-5|Mixed Platforms.Build.0 = Debug|x86
		{6629EBB2-74AC-460E-BFC3-6B563F68E745}.DVD-5|x86.ActiveCfg = Debug|x86
		{6629EBB2-74AC-460E-BFC3-6B563F68E745}.DVD-5|x86.Build.0 = Debug|x86
		{6629EBB2-74AC-460E-BFC3-6B563F68E745}.Release|Any CPU.ActiveCfg = Release|x86
		{6629EBB2-74AC-460E-BFC3-6B563F68E745}.Release|Mixed Platforms.ActiveCfg = Release|x86
		{6629EBB2-74AC-460E-BFC3-6B563F68E745}.Release|Mixed Platforms.Build.0 = Release|x86
		{6629EBB2-74AC-460E-BFC3-6B563F68E745}.Release|x86.ActiveCfg = Release|x86
		{6629EBB2-74AC-460E-BFC3-6B563F68E745}.Release|x86.Build.0 = Release|x86
		{6629EBB2-74AC-460E-BFC3-6B563F68E745}.SingleImage|Any CPU.ActiveCfg = Release|x86
		{6629EBB2-74AC-460E-BFC3-6B563F68E745}.SingleImage|Any CPU.Build.0 = Release|x86
		{6629EBB2-74AC-460E-BFC3-6B563F68E745}.SingleImage|Mixed Platforms.ActiveCfg = Release|x86
		{6629EBB2-74AC-460E-BFC3-6B563F68E745}.SingleImage|Mixed Platforms.Build.0 = Release|x86
		{6629EBB2-74AC-460E-BFC3-6B563F68E745}.SingleImage|x86.ActiveCfg = Release|x86
		{6629EBB2-74AC-460E-BFC3-6B563F68E745}.SingleImage|x86.Build.0 = Release|x86
		{1954F617-3D71-4E9A-B6E1-0E3DDD938CA0}.CD_ROM|Any CPU.ActiveCfg = Release
		{1954F617-3D71-4E9A-B6E1-0E3DDD938CA0}.CD_ROM|Any CPU.Build.0 = Release
		{1954F617-3D71-4E9A-B6E1-0E3DDD938CA0}.CD_ROM|Mixed Platforms.ActiveCfg = Release
		{1954F617-3D71-4E9A-B6E1-0E3DDD938CA0}.CD_ROM|Mixed Platforms.Build.0 = Release
		{1954F617-3D71-4E9A-B6E1-0E3DDD938CA0}.CD_ROM|x86.ActiveCfg = Release
		{1954F617-3D71-4E9A-B6E1-0E3DDD938CA0}.CD_ROM|x86.Build.0 = Release
		{1954F617-3D71-4E9A-B6E1-0E3DDD938CA0}.Debug|Any CPU.ActiveCfg = Debug
		{1954F617-3D71-4E9A-B6E1-0E3DDD938CA0}.Debug|Any CPU.Build.0 = Debug
		{1954F617-3D71-4E9A-B6E1-0E3DDD938CA0}.Debug|Mixed Platforms.ActiveCfg = Debug
		{1954F617-3D71-4E9A-B6E1-0E3DDD938CA0}.Debug|Mixed Platforms.Build.0 = Debug
		{1954F617-3D71-4E9A-B6E1-0E3DDD938CA0}.Debug|x86.ActiveCfg = Debug
		{1954F617-3D71-4E9A-B6E1-0E3DDD938CA0}.Debug|x86.Build.0 = Debug
		{1954F617-3D71-4E9A-B6E1-0E3DDD938CA0}.DVD-5|Any CPU.ActiveCfg = Debug
		{1954F617-3D71-4E9A-B6E1-0E3DDD938CA0}.DVD-5|Any CPU.Build.0 = Debug
		{1954F617-3D71-4E9A-B6E1-0E3DDD938CA0}.DVD-5|Mixed Platforms.ActiveCfg = Debug
		{1954F617-3D71-4E9A-B6E1-0E3DDD938CA0}.DVD-5|Mixed Platforms.Build.0 = Debug
		{1954F617-3D71-4E9A-B6E1-0E3DDD938CA0}.DVD-5|x86.ActiveCfg = Debug
		{1954F617-3D71-4E9A-B6E1-0E3DDD938CA0}.DVD-5|x86.Build.0 = Debug
		{1954F617-3D71-4E9A-B6E1-0E3DDD938CA0}.Release|Any CPU.ActiveCfg = Release
		{1954F617-3D71-4E9A-B6E1-0E3DDD938CA0}.Release|Any CPU.Build.0 = Release
		{1954F617-3D71-4E9A-B6E1-0E3DDD938CA0}.Release|Mixed Platforms.ActiveCfg = Release
		{1954F617-3D71-4E9A-B6E1-0E3DDD938CA0}.Release|Mixed Platforms.Build.0 = Release
		{1954F617-3D71-4E9A-B6E1-0E3DDD938CA0}.Release|x86.ActiveCfg = Release
		{1954F617-3D71-4E9A-B6E1-0E3DDD938CA0}.Release|x86.Build.0 = Release
		{1954F617-3D71-4E9A-B6E1-0E3DDD938CA0}.SingleImage|Any CPU.ActiveCfg = Release
		{1954F617-3D71-4E9A-B6E1-0E3DDD938CA0}.SingleImage|Any CPU.Build.0 = Release
		{1954F617-3D71-4E9A-B6E1-0E3DDD938CA0}.SingleImage|Mixed Platforms.ActiveCfg = Release
		{1954F617-3D71-4E9A-B6E1-0E3DDD938CA0}.SingleImage|Mixed Platforms.Build.0 = Release
		{1954F617-3D71-4E9A-B6E1-0E3DDD938CA0}.SingleImage|x86.ActiveCfg = Release
		{1954F617-3D71-4E9A-B6E1-0E3DDD938CA0}.SingleImage|x86.Build.0 = Release
	EndGlobalSection
	GlobalSection(SolutionProperties) = preSolution
		HideSolutionNode = FALSE
	EndGlobalSection
	GlobalSection(TeamFoundationVersionControl) = preSolution
		SccNumberOfProjects = 8
		SccEnterpriseProvider = {4CA58AB2-18FA-4F8D-95D4-32DDF27D184C}
		SccTeamFoundationServer = http://192.168.135.51:8080/
		SccLocalPath0 = .
		SccProjectUniqueName1 = SchedulerSetup\\SchedulerSetup.vdproj
		SccProjectName1 = SchedulerSetup
		SccLocalPath1 = SchedulerSetup
		SccProjectUniqueName2 = UploadDownloadSchedulerConsole\\UploadDownloadSchedulerConsole.csproj
		SccProjectName2 = UploadDownloadSchedulerConsole
		SccLocalPath2 = UploadDownloadSchedulerConsole
		SccProjectUniqueName3 = UploadDownloadService\\UploadDownloadService.csproj
		SccProjectName3 = UploadDownloadService
		SccLocalPath3 = UploadDownloadService
		SccProjectUniqueName4 = UploadDownloadUtility\\UploadDownloadUtility.csproj
		SccProjectName4 = UploadDownloadUtility
		SccLocalPath4 = UploadDownloadUtility
		SccProjectUniqueName5 = Inventory.BLogic\\Posting.BLogic.csproj
		SccProjectName5 = Inventory.BLogic
		SccLocalPath5 = Inventory.BLogic
		SccProjectUniqueName6 = Inventory.DAL\\Posting.DAL.csproj
		SccProjectName6 = Inventory.DAL
		SccLocalPath6 = Inventory.DAL
		SccProjectUniqueName7 = CommonLibrary\\CommonPostingLibrary.csproj
		SccProjectName7 = CommonLibrary
		SccLocalPath7 = CommonLibrary
	EndGlobalSection
EndGlobal
